// !$*UTF8*$!
{
	archiveVersion = 1;
	classes = {
	};
	objectVersion = 50;
	objects = {

/* Begin PBXBuildFile section */
		86F2C81D218792AB00917BE7 /* AppDelegate.swift in Sources */ = {isa = PBXBuildFile; fileRef = 86F2C81C218792AB00917BE7 /* AppDelegate.swift */; };
		86F2C81F218792AB00917BE7 /* ShoppingListViewController.swift in Sources */ = {isa = PBXBuildFile; fileRef = 86F2C81E218792AB00917BE7 /* ShoppingListViewController.swift */; };
		86F2C822218792AB00917BE7 /* Main.storyboard in Resources */ = {isa = PBXBuildFile; fileRef = 86F2C820218792AB00917BE7 /* Main.storyboard */; };
		86F2C824218792AC00917BE7 /* Assets.xcassets in Resources */ = {isa = PBXBuildFile; fileRef = 86F2C823218792AC00917BE7 /* Assets.xcassets */; };
		86F2C827218792AC00917BE7 /* LaunchScreen.storyboard in Resources */ = {isa = PBXBuildFile; fileRef = 86F2C825218792AC00917BE7 /* LaunchScreen.storyboard */; };
		86F2C8312187950C00917BE7 /* ShoppingItemCell.swift in Sources */ = {isa = PBXBuildFile; fileRef = 86F2C8302187950C00917BE7 /* ShoppingItemCell.swift */; };
/* End PBXBuildFile section */

/* Begin PBXFileReference section */
		86F2C819218792AB00917BE7 /* ZopNowJsonParsingDemo.app */ = {isa = PBXFileReference; explicitFileType = wrapper.application; includeInIndex = 0; path = ZopNowJsonParsingDemo.app; sourceTree = BUILT_PRODUCTS_DIR; };
		86F2C81C218792AB00917BE7 /* AppDelegate.swift */ = {isa = PBXFileReference; lastKnownFileType = sourcecode.swift; path = AppDelegate.swift; sourceTree = "<group>"; };
		86F2C81E218792AB00917BE7 /* ShoppingListViewController.swift */ = {isa = PBXFileReference; lastKnownFileType = sourcecode.swift; path = ShoppingListViewController.swift; sourceTree = "<group>"; };
		86F2C821218792AB00917BE7 /* Base */ = {isa = PBXFileReference; lastKnownFileType = file.storyboard; name = Base; path = Base.lproj/Main.storyboard; sourceTree = "<group>"; };
		86F2C823218792AC00917BE7 /* Assets.xcassets */ = {isa = PBXFileReference; lastKnownFileType = folder.assetcatalog; path = Assets.xcassets; sourceTree = "<group>"; };
		86F2C826218792AC00917BE7 /* Base */ = {isa = PBXFileReference; lastKnownFileType = file.storyboard; name = Base; path = Base.lproj/LaunchScreen.storyboard; sourceTree = "<group>"; };
		86F2C828218792AC00917BE7 /* Info.plist */ = {isa = PBXFileReference; lastKnownFileType = text.plist.xml; path = Info.plist; sourceTree = "<group>"; };
		86F2C8302187950C00917BE7 /* ShoppingItemCell.swift */ = {isa = PBXFileReference; lastKnownFileType = sourcecode.swift; path = ShoppingItemCell.swift; sourceTree = "<group>"; };
/* End PBXFileReference section */

/* Begin PBXFrameworksBuildPhase section */
		86F2C816218792AB00917BE7 /* Frameworks */ = {
			isa = PBXFrameworksBuildPhase;
			buildActionMask = 2147483647;
			files = (
			);
			runOnlyForDeploymentPostprocessing = 0;
		};
/* End PBXFrameworksBuildPhase section */

/* Begin PBXGroup section */
		86F2C810218792AB00917BE7 = {
			isa = PBXGroup;
			children = (
				86F2C81B218792AB00917BE7 /* ZopNowJsonParsingDemo */,
				86F2C81A218792AB00917BE7 /* Products */,
			);
			sourceTree = "<group>";
		};
		86F2C81A218792AB00917BE7 /* Products */ = {
			isa = PBXGroup;
			children = (
				86F2C819218792AB00917BE7 /* ZopNowJsonParsingDemo.app */,
			);
			name = Products;
			sourceTree = "<group>";
		};
		86F2C81B218792AB00917BE7 /* ZopNowJsonParsingDemo */ = {
			isa = PBXGroup;
			children = (
				86F2C81C218792AB00917BE7 /* AppDelegate.swift */,
				86F2C81E218792AB00917BE7 /* ShoppingListViewController.swift */,
				86F2C820218792AB00917BE7 /* Main.storyboard */,
				86F2C823218792AC00917BE7 /* Assets.xcassets */,
				86F2C825218792AC00917BE7 /* LaunchScreen.storyboard */,
				86F2C828218792AC00917BE7 /* Info.plist */,
				86F2C8302187950C00917BE7 /* ShoppingItemCell.swift */,
			);
			path = ZopNowJsonParsingDemo;
			sourceTree = "<group>";
		};
/* End PBXGroup section */

/* Begin PBXNativeTarget section */
		86F2C818218792AB00917BE7 /* ZopNowJsonParsingDemo */ = {
			isa = PBXNativeTarget;
			buildConfigurationList = 86F2C82B218792AC00917BE7 /* Build configuration list for PBXNativeTarget "ZopNowJsonParsingDemo" */;
			buildPhases = (
				86F2C815218792AB00917BE7 /* Sources */,
				86F2C816218792AB00917BE7 /* Frameworks */,
				86F2C817218792AB00917BE7 /* Resources */,
			);
			buildRules = (
			);
			dependencies = (
			);
			name = ZopNowJsonParsingDemo;
			productName = ZopNowJsonParsingDemo;
			productReference = 86F2C819218792AB00917BE7 /* ZopNowJsonParsingDemo.app */;
			productType = "com.apple.product-type.application";
		};
/* End PBXNativeTarget section */

/* Begin PBXProject section */
		86F2C811218792AB00917BE7 /* Project object */ = {
			isa = PBXProject;
			attributes = {
				LastSwiftUpdateCheck = 0940;
				LastUpgradeCheck = 0940;
				ORGANIZATIONNAME = "Bhushan Udawant";
				TargetAttributes = {
					86F2C818218792AB00917BE7 = {
						CreatedOnToolsVersion = 9.4.1;
					};
				};
			};
			buildConfigurationList = 86F2C814218792AB00917BE7 /* Build configuration list for PBXProject "ZopNowJsonParsingDemo" */;
			compatibilityVersion = "Xcode 9.3";
			developmentRegion = en;
			hasScannedForEncodings = 0;
			knownRegions = (
				en,
				Base,
			);
			mainGroup = 86F2C810218792AB00917BE7;
			productRefGroup = 86F2C81A218792AB00917BE7 /* Products */;
			projectDirPath = "";
			projectRoot = "";
			targets = (
				86F2C818218792AB00917BE7 /* ZopNowJsonParsingDemo */,
			);
		};
/* End PBXProject section */

/* Begin PBXResourcesBuildPhase section */
		86F2C817218792AB00917BE7 /* Resources */ = {
			isa = PBXResourcesBuildPhase;
			buildActionMask = 2147483647;
			files = (
				86F2C827218792AC00917BE7 /* LaunchScreen.storyboard in Resources */,
				86F2C824218792AC00917BE7 /* Assets.xcassets in Resources */,
				86F2C822218792AB00917BE7 /* Main.storyboard in Resources */,
			);
			runOnlyForDeploymentPostprocessing = 0;
		};
/* End PBXResourcesBuildPhase section */

/* Begin PBXSourcesBuildPhase section */
		86F2C815218792AB00917BE7 /* Sources */ = {
			isa = PBXSourcesBuildPhase;
			buildActionMask = 2147483647;
			files = (
				86F2C8312187950C00917BE7 /* ShoppingItemCell.swift in Sources */,
				86F2C81F218792AB00917BE7 /* ShoppingListViewController.swift in Sources */,
				86F2C81D218792AB00917BE7 /* AppDelegate.swift in Sources */,
			);
			runOnlyForDeploymentPostprocessing = 0;
		};
/* End PBXSourcesBuildPhase section */

/* Begin PBXVariantGroup section */
		86F2C820218792AB00917BE7 /* Main.storyboard */ = {
			isa = PBXVariantGroup;
			children = (
				86F2C821218792AB00917BE7 /* Base */,
			);
			name = Main.storyboard;
			sourceTree = "<group>";
		};
		86F2C825218792AC00917BE7 /* LaunchScreen.storyboard */ = {
			isa = PBXVariantGroup;
			children = (
				86F2C826218792AC00917BE7 /* Base */,
			);
			name = LaunchScreen.storyboard;
			sourceTree = "<group>";
		};
/* End PBXVariantGroup section */

/* Begin XCBuildConfiguration section */
		86F2C829218792AC00917BE7 /* Debug */ = {
			isa = XCBuildConfiguration;
			buildSettings = {
				ALWAYS_SEARCH_USER_PATHS = NO;
				CLANG_ANALYZER_NONNULL = YES;
				CLANG_ANALYZER_NUMBER_OBJECT_CONVERSION = YES_AGGRESSIVE;
				CLANG_CXX_LANGUAGE_STANDARD = "gnu++14";
				CLANG_CXX_LIBRARY = "libc++";
				CLANG_ENABLE_MODULES = YES;
				CLANG_ENABLE_OBJC_ARC = YES;
				CLANG_ENABLE_OBJC_WEAK = YES;
				CLANG_WARN_BLOCK_CAPTURE_AUTORELEASING = YES;
				CLANG_WARN_BOOL_CONVERSION = YES;
				CLANG_WARN_COMMA = YES;
				CLANG_WARN_CONSTANT_CONVERSION = YES;
				CLANG_WARN_DEPRECATED_OBJC_IMPLEMENTATIONS = YES;
				CLANG_WARN_DIRECT_OBJC_ISA_USAGE = YES_ERROR;
				CLANG_WARN_DOCUMENTATION_COMMENTS = YES;
				CLANG_WARN_EMPTY_BODY = YES;
				CLANG_WARN_ENUM_CONVERSION = YES;
				CLANG_WARN_INFINITE_RECURSION = YES;
				CLANG_WARN_INT_CONVERSION = YES;
				CLANG_WARN_NON_LITERAL_NULL_CONVERSION = YES;
				CLANG_WARN_OBJC_IMPLICIT_RETAIN_SELF = YES;
				CLANG_WARN_OBJC_LITERAL_CONVERSION = YES;
				CLANG_WARN_OBJC_ROOT_CLASS = YES_ERROR;
				CLANG_WARN_RANGE_LOOP_ANALYSIS = YES;
				CLANG_WARN_STRICT_PROTOTYPES = YES;
				CLANG_WARN_SUSPICIOUS_MOVE = YES;
				CLANG_WARN_UNGUARDED_AVAILABILITY = YES_AGGRESSIVE;
				CLANG_WARN_UNREACHABLE_CODE = YES;
				CLANG_WARN__DUPLICATE_METHOD_MATCH = YES;
				CODE_SIGN_IDENTITY = "iPhone Developer";
				COPY_PHASE_STRIP = NO;
				DEBUG_INFORMATION_FORMAT = dwarf;
				ENABLE_STRICT_OBJC_MSGSEND = YES;
				ENABLE_TESTABILITY = YES;
				GCC_C_LANGUAGE_STANDARD = gnu11;
				GCC_DYNAMIC_NO_PIC = NO;
				GCC_NO_COMMON_BLOCKS = YES;
				GCC_OPTIMIZATION_LEVEL = 0;
				GCC_PREPROCESSOR_DEFINITIONS = (
					"DEBUG=1",
					"$(inherited)",
				);
				GCC_WARN_64_TO_32_BIT_CONVERSION = YES;
				GCC_WARN_ABOUT_RETURN_TYPE = YES_ERROR;
				GCC_WARN_UNDECLARED_SELECTOR = YES;
				GCC_WARN_UNINITIALIZED_AUTOS = YES_AGGRESSIVE;
				GCC_WARN_UNUSED_FUNCTION = YES;
				GCC_WARN_UNUSED_VARIABLE = YES;
				IPHONEOS_DEPLOYMENT_TARGET = 11.4;
				MTL_ENABLE_DEBUG_INFO = YES;
				ONLY_ACTIVE_ARCH = YES;
				SDKROOT = iphoneos;
				SWIFT_ACTIVE_COMPILATION_CONDITIONS = DEBUG;
				SWIFT_OPTIMIZATION_LEVEL = "-Onone";
			};
			name = Debug;
		};
		86F2C82A218792AC00917BE7 /* Release */ = {
			isa = XCBuildConfiguration;
			buildSettings = {
				ALWAYS_SEARCH_USER_PATHS = NO;
				CLANG_ANALYZER_NONNULL = YES;
				CLANG_ANALYZER_NUMBER_OBJECT_CONVERSION = YES_AGGRESSIVE;
				CLANG_CXX_LANGUAGE_STANDARD = "gnu++14";
				CLANG_CXX_LIBRARY = "libc++";
				CLANG_ENABLE_MODULES = YES;
				CLANG_ENABLE_OBJC_ARC = YES;
				CLANG_ENABLE_OBJC_WEAK = YES;
				CLANG_WARN_BLOCK_CAPTURE_AUTORELEASING = YES;
				CLANG_WARN_BOOL_CONVERSION = YES;
				CLANG_WARN_COMMA = YES;
				CLANG_WARN_CONSTANT_CONVERSION = YES;
				CLANG_WARN_DEPRECATED_OBJC_IMPLEMENTATIONS = YES;
				CLANG_WARN_DIRECT_OBJC_ISA_USAGE = YES_ERROR;
				CLANG_WARN_DOCUMENTATION_COMMENTS = YES;
				CLANG_WARN_EMPTY_BODY = YES;
				CLANG_WARN_ENUM_CONVERSION = YES;
				CLANG_WARN_INFINITE_RECURSION = YES;
				CLANG_WARN_INT_CONVERSION = YES;
				CLANG_WARN_NON_LITERAL_NULL_CONVERSION = YES;
				CLANG_WARN_OBJC_IMPLICIT_RETAIN_SELF = YES;
				CLANG_WARN_OBJC_LITERAL_CONVERSION = YES;
				CLANG_WARN_OBJC_ROOT_CLASS = YES_ERROR;
				CLANG_WARN_RANGE_LOOP_ANALYSIS = YES;
				CLANG_WARN_STRICT_PROTOTYPES = YES;
				CLANG_WARN_SUSPICIOUS_MOVE = YES;
				CLANG_WARN_UNGUARDED_AVAILABILITY = YES_AGGRESSIVE;
				CLANG_WARN_UNREACHABLE_CODE = YES;
				CLANG_WARN__DUPLICATE_METHOD_MATCH = YES;
				CODE_SIGN_IDENTITY = "iPhone Developer";
				COPY_PHASE_STRIP = NO;
				DEBUG_INFORMATION_FORMAT = "dwarf-with-dsym";
				ENABLE_NS_ASSERTIONS = NO;
				ENABLE_STRICT_OBJC_MSGSEND = YES;
				GCC_C_LANGUAGE_STANDARD = gnu11;
				GCC_NO_COMMON_BLOCKS = YES;
				GCC_WARN_64_TO_32_BIT_CONVERSION = YES;
				GCC_WARN_ABOUT_RETURN_TYPE = YES_ERROR;
				GCC_WARN_UNDECLARED_SELECTOR = YES;
				GCC_WARN_UNINITIALIZED_AUTOS = YES_AGGRESSIVE;
				GCC_WARN_UNUSED_FUNCTION = YES;
				GCC_WARN_UNUSED_VARIABLE = YES;
				IPHONEOS_DEPLOYMENT_TARGET = 11.4;
				MTL_ENABLE_DEBUG_INFO = NO;
				SDKROOT = iphoneos;
				SWIFT_COMPILATION_MODE = wholemodule;
				SWIFT_OPTIMIZATION_LEVEL = "-O";
				VALIDATE_PRODUCT = YES;
			};
			name = Release;
		};
		86F2C82C218792AC00917BE7 /* Debug */ = {
			isa = XCBuildConfiguration;
			buildSettings = {
				ASSETCATALOG_COMPILER_APPICON_NAME = AppIcon;
				CODE_SIGN_STYLE = Automatic;
				INFOPLIST_FILE = ZopNowJsonParsingDemo/Info.plist;
				LD_RUNPATH_SEARCH_PATHS = (
					"$(inherited)",
					"@executable_path/Frameworks",
				);
				PRODUCT_BUNDLE_IDENTIFIER = com.example.ZopNowJsonParsingDemo;
				PRODUCT_NAME = "$(TARGET_NAME)";
				SWIFT_VERSION = 4.0;
				TARGETED_DEVICE_FAMILY = "1,2";
			};
			name = Debug;
		};
		86F2C82D218792AC00917BE7 /* Release */ = {
			isa = XCBuildConfiguration;
			buildSettings = {
				ASSETCATALOG_COMPILER_APPICON_NAME = AppIcon;
				CODE_SIGN_STYLE = Automatic;
				INFOPLIST_FILE = ZopNowJsonParsingDemo/Info.plist;
				LD_RUNPATH_SEARCH_PATHS = (
					"$(inherited)",
					"@executable_path/Frameworks",
				);
				PRODUCT_BUNDLE_IDENTIFIER = com.example.ZopNowJsonParsingDemo;
				PRODUCT_NAME = "$(TARGET_NAME)";
				SWIFT_VERSION = 4.0;
				TARGETED_DEVICE_FAMILY = "1,2";
			};
			name = Release;
		};
/* End XCBuildConfiguration section */

/* Begin XCConfigurationList section */
		86F2C814218792AB00917BE7 /* Build configuration list for PBXProject "ZopNowJsonParsingDemo" */ = {
			isa = XCConfigurationList;
			buildConfigurations = (
				86F2C829218792AC00917BE7 /* Debug */,
				86F2C82A218792AC00917BE7 /* Release */,
			);
			defaultConfigurationIsVisible = 0;
			defaultConfigurationName = Release;
		};
		86F2C82B218792AC00917BE7 /* Build configuration list for PBXNativeTarget "ZopNowJsonParsingDemo" */ = {
			isa = XCConfigurationList;
			buildConfigurations = (
				86F2C82C218792AC00917BE7 /* Debug */,
				86F2C82D218792AC00917BE7 /* Release */,
			);
			defaultConfigurationIsVisible = 0;
			defaultConfigurationName = Release;
		};
/* End XCConfigurationList section */
	};
	rootObject = 86F2C811218792AB00917BE7 /* Project object */;
}
